
Microsoft Visual Studio Solution File, Format Version 12.00
# Visual Studio Version 17
VisualStudioVersion = 17.2.32630.192
MinimumVisualStudioVersion = 10.0.40219.1
Project("{9A19103F-16F7-4668-BE54-9A1E7A4F7556}") = "BlazorNetCore.Server", "BlazorNetCore\Server\BlazorNetCore.Server.csproj", "{291E0D80-FB4E-4F5F-88C7-41869CD72981}"
EndProject
Project("{9A19103F-16F7-4668-BE54-9A1E7A4F7556}") = "BlazorNetCore.Client", "BlazorNetCore\Client\BlazorNetCore.Client.csproj", "{0F44AAB9-7D32-433C-91AF-325AA07472B5}"
EndProject
Project("{9A19103F-16F7-4668-BE54-9A1E7A4F7556}") = "BlazorNetCore.Shared", "BlazorNetCore\Shared\BlazorNetCore.Shared.csproj", "{ED6A36E3-1CCF-4799-84E9-327C479EA93F}"
EndProject
Global
	GlobalSection(SolutionConfigurationPlatforms) = preSolution
		Debug|Any CPU = Debug|Any CPU
		Release|Any CPU = Release|Any CPU
	EndGlobalSection
	GlobalSection(ProjectConfigurationPlatforms) = postSolution
		{291E0D80-FB4E-4F5F-88C7-41869CD72981}.Debug|Any CPU.ActiveCfg = Debug|Any CPU
		{291E0D80-FB4E-4F5F-88C7-41869CD72981}.Debug|Any CPU.Build.0 = Debug|Any CPU
		{291E0D80-FB4E-4F5F-88C7-41869CD72981}.Release|Any CPU.ActiveCfg = Release|Any CPU
		{291E0D80-FB4E-4F5F-88C7-41869CD72981}.Release|Any CPU.Build.0 = Release|Any CPU
		{0F44AAB9-7D32-433C-91AF-325AA07472B5}.Debug|Any CPU.ActiveCfg = Debug|Any CPU
		{0F44AAB9-7D32-433C-91AF-325AA07472B5}.Debug|Any CPU.Build.0 = Debug|Any CPU
		{0F44AAB9-7D32-433C-91AF-325AA07472B5}.Release|Any CPU.ActiveCfg = Release|Any CPU
		{0F44AAB9-7D32-433C-91AF-325AA07472B5}.Release|Any CPU.Build.0 = Release|Any CPU
		{ED6A36E3-1CCF-4799-84E9-327C479EA93F}.Debug|Any CPU.ActiveCfg = Debug|Any CPU
		{ED6A36E3-1CCF-4799-84E9-327C479EA93F}.Debug|Any CPU.Build.0 = Debug|Any CPU
		{ED6A36E3-1CCF-4799-84E9-327C479EA93F}.Release|Any CPU.ActiveCfg = Release|Any CPU
		{ED6A36E3-1CCF-4799-84E9-327C479EA93F}.Release|Any CPU.Build.0 = Release|Any CPU
	EndGlobalSection
	GlobalSection(SolutionProperties) = preSolution
		HideSolutionNode = FALSE
	EndGlobalSection
	GlobalSection(ExtensibilityGlobals) = postSolution
		SolutionGuid = {7CED873F-384F-4D3A-BA7E-0239981A9168}
	EndGlobalSection
EndGlobal
